# This file is automatically @generated by Cargo.
# It is not intended for manual editing.
version = 4

[[package]]
name = "mendrel-cli"
version = "0.0.1"
dependencies = [
 "mendrelc",
]

[[package]]
name = "mendrel-diagnostics"
version = "0.0.1"
dependencies = [
 "mendrel-source",
]

[[package]]
name = "mendrel-format"
version = "0.0.1"
dependencies = [
 "mendrel-parser",
 "mendrel-source",
 "mendrel-syntax",
]

[[package]]
name = "mendrel-parser"
version = "0.0.1"
dependencies = [
 "mendrel-diagnostics",
 "mendrel-source",
 "mendrel-syntax",
]

[[package]]
name = "mendrel-source"
version = "0.0.1"

[[package]]
name = "mendrel-syntax"
version = "0.0.1"
dependencies = [
 "mendrel-source",
]

[[package]]
name = "mendrelc"
version = "0.0.1"
dependencies = [
 "mendrel-diagnostics",
 "mendrel-format",
 "mendrel-parser",
 "mendrel-source",
 "mendrel-syntax",
]

[[package]]
name = "xtask"
version = "0.0.1"
dependencies = [
 "mendrel-syntax",
]
